
Microsoft Visual Studio Solution File, Format Version 12.00
# Visual Studio Version 17
VisualStudioVersion = 17.4.33205.214
MinimumVisualStudioVersion = 10.0.40219.1
Project("{9A19103F-16F7-4668-BE54-9A1E7A4F7556}") = "Sudoku.Shared", "Sudoku.Shared\Sudoku.Shared.csproj", "{875F71B2-99ED-4366-9C28-E5FFB5B5AA41}"
EndProject
Project("{9A19103F-16F7-4668-BE54-9A1E7A4F7556}") = "Sudoku.Benchmark", "Sudoku.Benchmark\Sudoku.Benchmark.csproj", "{3F6D87E5-3288-46C4-B192-F91D5FBB075B}"
EndProject
Project("{2150E333-8FDC-42A3-9474-1A3956D46DE8}") = "Puzzles", "Puzzles", "{5351C3A6-44B9-45CB-B4DB-4578796500FB}"
	ProjectSection(SolutionItems) = preProject
		Puzzles\Sudoku_Easy51.txt = Puzzles\Sudoku_Easy51.txt
		Puzzles\Sudoku_hardest.txt = Puzzles\Sudoku_hardest.txt
		Puzzles\Sudoku_top95.txt = Puzzles\Sudoku_top95.txt
	EndProjectSection
EndProject
Project("{9A19103F-16F7-4668-BE54-9A1E7A4F7556}") = "Sudoku.Backtracking", "Sudoku.Backtracking\Sudoku.Backtracking.csproj", "{1C50AE77-2CE9-4BD8-ADFE-3C3A255FFC78}"
EndProject
Project("{FAE04EC0-301F-11D3-BF4B-00C04F79EFBC}") = "Sudoku.Solver_HA_JG_AF", "Sudoku.Solver_HA_JG_AF\Sudoku.Solver_HA_JG_AF.csproj", "{E9B237FE-F429-401F-9708-0B91559EE685}"
EndProject
Project("{FAE04EC0-301F-11D3-BF4B-00C04F79EFBC}") = "Sudoku.ORTools", "Sudoku.ORTools\Sudoku.ORTools.csproj", "{17886626-A85F-43FE-A3AA-507F70E39C7F}"
EndProject
Project("{FAE04EC0-301F-11D3-BF4B-00C04F79EFBC}") = "Sudoku.DemoSolver", "Sudoku.DemoSolver\Sudoku.DemoSolver.csproj", "{4CD5DBE0-146A-49CA-99E3-AD0BF10D88E5}"
EndProject
Project("{FAE04EC0-301F-11D3-BF4B-00C04F79EFBC}") = "Sudoku.SimulatedAnnealing", "Sudoku.SimulatedAnnealing\Sudoku.SimulatedAnnealing.csproj", "{C6E6CD74-EC64-40FE-A3AF-A3D03FBFBB20}"
EndProject
Project("{FAE04EC0-301F-11D3-BF4B-00C04F79EFBC}") = "Sudoku.ChocoSolver", "Sudoku.ChocoSolver\Sudoku.ChocoSolver.csproj", "{E8ED3A86-85BB-4D0C-8AC3-AB2F3189B651}"
EndProject
Project("{FAE04EC0-301F-11D3-BF4B-00C04F79EFBC}") = "Sudoku.Z3Solver", "Sudoku.Z3Solver\Sudoku.Z3Solver.csproj", "{8BA83A18-B9F9-42E5-AC36-93CBC4D49F46}"
EndProject
Project("{FAE04EC0-301F-11D3-BF4B-00C04F79EFBC}") = "Sudoku_BERNARD_RECOUVREUX_TRAORE", "Sudoku_BERNARD_RECOUVREUX_TRAORE\Sudoku_BERNARD_RECOUVREUX_TRAORE.csproj", "{37805311-0C9C-4387-888E-FCEB03E1D6A3}"
EndProject
Project("{FAE04EC0-301F-11D3-BF4B-00C04F79EFBC}") = "Sudoku_Solver_OR-TOOLS", "Sudoku_Solver_OR-TOOLS\Sudoku_Solver_OR-TOOLS.csproj", "{DA7451CB-8F56-4E98-A076-00DB35BD910A}"
EndProject
Global
	GlobalSection(SolutionConfigurationPlatforms) = preSolution
		Debug|Any CPU = Debug|Any CPU
		Release|Any CPU = Release|Any CPU
	EndGlobalSection
	GlobalSection(ProjectConfigurationPlatforms) = postSolution
		{875F71B2-99ED-4366-9C28-E5FFB5B5AA41}.Debug|Any CPU.ActiveCfg = Debug|Any CPU
		{875F71B2-99ED-4366-9C28-E5FFB5B5AA41}.Debug|Any CPU.Build.0 = Debug|Any CPU
		{875F71B2-99ED-4366-9C28-E5FFB5B5AA41}.Release|Any CPU.ActiveCfg = Release|Any CPU
		{875F71B2-99ED-4366-9C28-E5FFB5B5AA41}.Release|Any CPU.Build.0 = Release|Any CPU
		{3F6D87E5-3288-46C4-B192-F91D5FBB075B}.Debug|Any CPU.ActiveCfg = Debug|Any CPU
		{3F6D87E5-3288-46C4-B192-F91D5FBB075B}.Debug|Any CPU.Build.0 = Debug|Any CPU
		{3F6D87E5-3288-46C4-B192-F91D5FBB075B}.Release|Any CPU.ActiveCfg = Release|Any CPU
		{3F6D87E5-3288-46C4-B192-F91D5FBB075B}.Release|Any CPU.Build.0 = Release|Any CPU
		{1C50AE77-2CE9-4BD8-ADFE-3C3A255FFC78}.Debug|Any CPU.ActiveCfg = Debug|Any CPU
		{1C50AE77-2CE9-4BD8-ADFE-3C3A255FFC78}.Debug|Any CPU.Build.0 = Debug|Any CPU
		{1C50AE77-2CE9-4BD8-ADFE-3C3A255FFC78}.Release|Any CPU.ActiveCfg = Release|Any CPU
		{1C50AE77-2CE9-4BD8-ADFE-3C3A255FFC78}.Release|Any CPU.Build.0 = Release|Any CPU
		{E9B237FE-F429-401F-9708-0B91559EE685}.Debug|Any CPU.ActiveCfg = Debug|Any CPU
		{E9B237FE-F429-401F-9708-0B91559EE685}.Debug|Any CPU.Build.0 = Debug|Any CPU
		{E9B237FE-F429-401F-9708-0B91559EE685}.Release|Any CPU.ActiveCfg = Release|Any CPU
		{E9B237FE-F429-401F-9708-0B91559EE685}.Release|Any CPU.Build.0 = Release|Any CPU
		{17886626-A85F-43FE-A3AA-507F70E39C7F}.Debug|Any CPU.ActiveCfg = Debug|Any CPU
		{17886626-A85F-43FE-A3AA-507F70E39C7F}.Debug|Any CPU.Build.0 = Debug|Any CPU
		{17886626-A85F-43FE-A3AA-507F70E39C7F}.Release|Any CPU.ActiveCfg = Release|Any CPU
		{17886626-A85F-43FE-A3AA-507F70E39C7F}.Release|Any CPU.Build.0 = Release|Any CPU
		{4CD5DBE0-146A-49CA-99E3-AD0BF10D88E5}.Debug|Any CPU.ActiveCfg = Debug|Any CPU
		{4CD5DBE0-146A-49CA-99E3-AD0BF10D88E5}.Debug|Any CPU.Build.0 = Debug|Any CPU
		{4CD5DBE0-146A-49CA-99E3-AD0BF10D88E5}.Release|Any CPU.ActiveCfg = Release|Any CPU
		{4CD5DBE0-146A-49CA-99E3-AD0BF10D88E5}.Release|Any CPU.Build.0 = Release|Any CPU
		{C6E6CD74-EC64-40FE-A3AF-A3D03FBFBB20}.Debug|Any CPU.ActiveCfg = Debug|Any CPU
		{C6E6CD74-EC64-40FE-A3AF-A3D03FBFBB20}.Debug|Any CPU.Build.0 = Debug|Any CPU
		{C6E6CD74-EC64-40FE-A3AF-A3D03FBFBB20}.Release|Any CPU.ActiveCfg = Release|Any CPU
		{C6E6CD74-EC64-40FE-A3AF-A3D03FBFBB20}.Release|Any CPU.Build.0 = Release|Any CPU
		{E8ED3A86-85BB-4D0C-8AC3-AB2F3189B651}.Debug|Any CPU.ActiveCfg = Debug|Any CPU
		{E8ED3A86-85BB-4D0C-8AC3-AB2F3189B651}.Debug|Any CPU.Build.0 = Debug|Any CPU
		{E8ED3A86-85BB-4D0C-8AC3-AB2F3189B651}.Release|Any CPU.ActiveCfg = Release|Any CPU
		{E8ED3A86-85BB-4D0C-8AC3-AB2F3189B651}.Release|Any CPU.Build.0 = Release|Any CPU
		{880904D1-8F17-4062-A082-8067FFD69D17}.Debug|Any CPU.ActiveCfg = Debug|Any CPU
		{880904D1-8F17-4062-A082-8067FFD69D17}.Debug|Any CPU.Build.0 = Debug|Any CPU
		{880904D1-8F17-4062-A082-8067FFD69D17}.Release|Any CPU.ActiveCfg = Release|Any CPU
		{880904D1-8F17-4062-A082-8067FFD69D17}.Release|Any CPU.Build.0 = Release|Any CPU
		{8BA83A18-B9F9-42E5-AC36-93CBC4D49F46}.Debug|Any CPU.ActiveCfg = Debug|Any CPU
		{8BA83A18-B9F9-42E5-AC36-93CBC4D49F46}.Debug|Any CPU.Build.0 = Debug|Any CPU
		{8BA83A18-B9F9-42E5-AC36-93CBC4D49F46}.Release|Any CPU.ActiveCfg = Release|Any CPU
		{8BA83A18-B9F9-42E5-AC36-93CBC4D49F46}.Release|Any CPU.Build.0 = Release|Any CPU
		{37805311-0C9C-4387-888E-FCEB03E1D6A3}.Debug|Any CPU.ActiveCfg = Debug|Any CPU
		{37805311-0C9C-4387-888E-FCEB03E1D6A3}.Debug|Any CPU.Build.0 = Debug|Any CPU
		{37805311-0C9C-4387-888E-FCEB03E1D6A3}.Release|Any CPU.ActiveCfg = Release|Any CPU
		{37805311-0C9C-4387-888E-FCEB03E1D6A3}.Release|Any CPU.Build.0 = Release|Any CPU
		{DA7451CB-8F56-4E98-A076-00DB35BD910A}.Debug|Any CPU.ActiveCfg = Debug|Any CPU
		{DA7451CB-8F56-4E98-A076-00DB35BD910A}.Debug|Any CPU.Build.0 = Debug|Any CPU
		{DA7451CB-8F56-4E98-A076-00DB35BD910A}.Release|Any CPU.ActiveCfg = Release|Any CPU
		{DA7451CB-8F56-4E98-A076-00DB35BD910A}.Release|Any CPU.Build.0 = Release|Any CPU
	EndGlobalSection
	GlobalSection(SolutionProperties) = preSolution
		HideSolutionNode = FALSE
	EndGlobalSection
	GlobalSection(ExtensibilityGlobals) = postSolution
		SolutionGuid = {BEE8F8D1-8D10-45DA-ABF1-5DE630CBE60B}
	EndGlobalSection
EndGlobal
